
Microsoft Visual Studio Solution File, Format Version 12.00
# Visual Studio Version 16
VisualStudioVersion = 16.0.30011.22
MinimumVisualStudioVersion = 10.0.40219.1
Project("{FAE04EC0-301F-11D3-BF4B-00C04F79EFBC}") = "SiloWindowsFormsApp", "SiloWindowsFormsApp\SiloWindowsFormsApp.csproj", "{CE61EC0D-C24E-4847-9A91-95C00B0ABBDA}"
EndProject
Project("{9A19103F-16F7-4668-BE54-9A1E7A4F7556}") = "SiloUserData", "SiloUserData\SiloUserData.csproj", "{F5F014D5-A263-43B0-98F5-CE3AB3D0C796}"
EndProject
Project("{9A19103F-16F7-4668-BE54-9A1E7A4F7556}") = "SiloUserModel", "SiloUserModel\SiloUserModel.csproj", "{B90C1562-2E6A-4F1F-A87B-B05F7C123CD8}"
EndProject
Global
	GlobalSection(SolutionConfigurationPlatforms) = preSolution
		Debug|Any CPU = Debug|Any CPU
		Release|Any CPU = Release|Any CPU
	EndGlobalSection
	GlobalSection(ProjectConfigurationPlatforms) = postSolution
		{CE61EC0D-C24E-4847-9A91-95C00B0ABBDA}.Debug|Any CPU.ActiveCfg = Debug|Any CPU
		{CE61EC0D-C24E-4847-9A91-95C00B0ABBDA}.Debug|Any CPU.Build.0 = Debug|Any CPU
		{CE61EC0D-C24E-4847-9A91-95C00B0ABBDA}.Release|Any CPU.ActiveCfg = Release|Any CPU
		{CE61EC0D-C24E-4847-9A91-95C00B0ABBDA}.Release|Any CPU.Build.0 = Release|Any CPU
		{F5F014D5-A263-43B0-98F5-CE3AB3D0C796}.Debug|Any CPU.ActiveCfg = Debug|Any CPU
		{F5F014D5-A263-43B0-98F5-CE3AB3D0C796}.Debug|Any CPU.Build.0 = Debug|Any CPU
		{F5F014D5-A263-43B0-98F5-CE3AB3D0C796}.Release|Any CPU.ActiveCfg = Release|Any CPU
		{F5F014D5-A263-43B0-98F5-CE3AB3D0C796}.Release|Any CPU.Build.0 = Release|Any CPU
		{B90C1562-2E6A-4F1F-A87B-B05F7C123CD8}.Debug|Any CPU.ActiveCfg = Debug|Any CPU
		{B90C1562-2E6A-4F1F-A87B-B05F7C123CD8}.Debug|Any CPU.Build.0 = Debug|Any CPU
		{B90C1562-2E6A-4F1F-A87B-B05F7C123CD8}.Release|Any CPU.ActiveCfg = Release|Any CPU
		{B90C1562-2E6A-4F1F-A87B-B05F7C123CD8}.Release|Any CPU.Build.0 = Release|Any CPU
	EndGlobalSection
	GlobalSection(SolutionProperties) = preSolution
		HideSolutionNode = FALSE
	EndGlobalSection
	GlobalSection(ExtensibilityGlobals) = postSolution
		SolutionGuid = {FE37CADD-FDA0-43F3-9187-E70863D453F9}
	EndGlobalSection
EndGlobal
